github.com/fluentassert/verify v1.2.0 h1:aSgV1cT7JLAcW9/DtW/H2PjC/mXiRzcWBjVy3JdlpB4=
github.com/fluentassert/verify v1.2.0/go.mod h1:GYH8WwSLreEmzDGJy47cKiO+/lD+rAa59+/OkR35QrE=
github.com/google/go-cmp v0.6.0 h1:ofyhxvXcZhMsU5ulbFiLKl/XBFqE1GSq7atu8tAmTRI=
github.com/google/go-cmp v0.6.0/go.mod h1:17dUlkBOakJ0+DkrSSNjCkIjxS6bF9zb3elmeNGIjoY=
